// !$*UTF8*$!
{
	archiveVersion = 1;
	classes = {
	};
	objectVersion = 56;
	objects = {

/* Begin PBXBuildFile section */
		581BCF502B0289CE00AA8F9F /* dyslire2App.swift in Sources */ = {isa = PBXBuildFile; fileRef = 581BCF4F2B0289CE00AA8F9F /* dyslire2App.swift */; };
		581BCF522B0289CE00AA8F9F /* ContentView.swift in Sources */ = {isa = PBXBuildFile; fileRef = 581BCF512B0289CE00AA8F9F /* ContentView.swift */; };
		581BCF542B0289CE00AA8F9F /* Item.swift in Sources */ = {isa = PBXBuildFile; fileRef = 581BCF532B0289CE00AA8F9F /* Item.swift */; };
		581BCF562B0289CF00AA8F9F /* Assets.xcassets in Resources */ = {isa = PBXBuildFile; fileRef = 581BCF552B0289CF00AA8F9F /* Assets.xcassets */; };
		581BCF592B0289CF00AA8F9F /* Preview Assets.xcassets in Resources */ = {isa = PBXBuildFile; fileRef = 581BCF582B0289CF00AA8F9F /* Preview Assets.xcassets */; };
		581BCF632B0289CF00AA8F9F /* dyslire2Tests.swift in Sources */ = {isa = PBXBuildFile; fileRef = 581BCF622B0289CF00AA8F9F /* dyslire2Tests.swift */; };
		581BCF6D2B0289CF00AA8F9F /* dyslire2UITests.swift in Sources */ = {isa = PBXBuildFile; fileRef = 581BCF6C2B0289CF00AA8F9F /* dyslire2UITests.swift */; };
		581BCF6F2B0289CF00AA8F9F /* dyslire2UITestsLaunchTests.swift in Sources */ = {isa = PBXBuildFile; fileRef = 581BCF6E2B0289CF00AA8F9F /* dyslire2UITestsLaunchTests.swift */; };
		581BCF7E2B028B6500AA8F9F /* ArticleDetailView.swift in Sources */ = {isa = PBXBuildFile; fileRef = 581BCF7D2B028B6500AA8F9F /* ArticleDetailView.swift */; };
		581BCF802B028F0900AA8F9F /* ArticleModel.swift in Sources */ = {isa = PBXBuildFile; fileRef = 581BCF7F2B028F0900AA8F9F /* ArticleModel.swift */; };
		581BCF822B028FB900AA8F9F /* ArticleViewModel.swift in Sources */ = {isa = PBXBuildFile; fileRef = 581BCF812B028FB900AA8F9F /* ArticleViewModel.swift */; };
		581BCF842B02977900AA8F9F /* ArticleCellView.swift in Sources */ = {isa = PBXBuildFile; fileRef = 581BCF832B02977900AA8F9F /* ArticleCellView.swift */; };
		581BCF8A2B02CFC900AA8F9F /* Article.swift in Sources */ = {isa = PBXBuildFile; fileRef = 581BCF892B02CFC900AA8F9F /* Article.swift */; };
/* End PBXBuildFile section */

/* Begin PBXContainerItemProxy section */
		581BCF5F2B0289CF00AA8F9F /* PBXContainerItemProxy */ = {
			isa = PBXContainerItemProxy;
			containerPortal = 581BCF442B0289CE00AA8F9F /* Project object */;
			proxyType = 1;
			remoteGlobalIDString = 581BCF4B2B0289CE00AA8F9F;
			remoteInfo = dyslire2;
		};
		581BCF692B0289CF00AA8F9F /* PBXContainerItemProxy */ = {
			isa = PBXContainerItemProxy;
			containerPortal = 581BCF442B0289CE00AA8F9F /* Project object */;
			proxyType = 1;
			remoteGlobalIDString = 581BCF4B2B0289CE00AA8F9F;
			remoteInfo = dyslire2;
		};
/* End PBXContainerItemProxy section */

/* Begin PBXFileReference section */
		581BCF4C2B0289CE00AA8F9F /* dyslire2.app */ = {isa = PBXFileReference; explicitFileType = wrapper.application; includeInIndex = 0; path = dyslire2.app; sourceTree = BUILT_PRODUCTS_DIR; };
		581BCF4F2B0289CE00AA8F9F /* dyslire2App.swift */ = {isa = PBXFileReference; lastKnownFileType = sourcecode.swift; path = dyslire2App.swift; sourceTree = "<group>"; };
		581BCF512B0289CE00AA8F9F /* ContentView.swift */ = {isa = PBXFileReference; lastKnownFileType = sourcecode.swift; path = ContentView.swift; sourceTree = "<group>"; };
		581BCF532B0289CE00AA8F9F /* Item.swift */ = {isa = PBXFileReference; lastKnownFileType = sourcecode.swift; path = Item.swift; sourceTree = "<group>"; };
		581BCF552B0289CF00AA8F9F /* Assets.xcassets */ = {isa = PBXFileReference; lastKnownFileType = folder.assetcatalog; path = Assets.xcassets; sourceTree = "<group>"; };
		581BCF582B0289CF00AA8F9F /* Preview Assets.xcassets */ = {isa = PBXFileReference; lastKnownFileType = folder.assetcatalog; path = "Preview Assets.xcassets"; sourceTree = "<group>"; };
		581BCF5E2B0289CF00AA8F9F /* dyslire2Tests.xctest */ = {isa = PBXFileReference; explicitFileType = wrapper.cfbundle; includeInIndex = 0; path = dyslire2Tests.xctest; sourceTree = BUILT_PRODUCTS_DIR; };
		581BCF622B0289CF00AA8F9F /* dyslire2Tests.swift */ = {isa = PBXFileReference; lastKnownFileType = sourcecode.swift; path = dyslire2Tests.swift; sourceTree = "<group>"; };
		581BCF682B0289CF00AA8F9F /* dyslire2UITests.xctest */ = {isa = PBXFileReference; explicitFileType = wrapper.cfbundle; includeInIndex = 0; path = dyslire2UITests.xctest; sourceTree = BUILT_PRODUCTS_DIR; };
		581BCF6C2B0289CF00AA8F9F /* dyslire2UITests.swift */ = {isa = PBXFileReference; lastKnownFileType = sourcecode.swift; path = dyslire2UITests.swift; sourceTree = "<group>"; };
		581BCF6E2B0289CF00AA8F9F /* dyslire2UITestsLaunchTests.swift */ = {isa = PBXFileReference; lastKnownFileType = sourcecode.swift; path = dyslire2UITestsLaunchTests.swift; sourceTree = "<group>"; };
		581BCF7D2B028B6500AA8F9F /* ArticleDetailView.swift */ = {isa = PBXFileReference; lastKnownFileType = sourcecode.swift; path = ArticleDetailView.swift; sourceTree = "<group>"; };
		581BCF7F2B028F0900AA8F9F /* ArticleModel.swift */ = {isa = PBXFileReference; lastKnownFileType = sourcecode.swift; path = ArticleModel.swift; sourceTree = "<group>"; };
		581BCF812B028FB900AA8F9F /* ArticleViewModel.swift */ = {isa = PBXFileReference; lastKnownFileType = sourcecode.swift; path = ArticleViewModel.swift; sourceTree = "<group>"; };
		581BCF832B02977900AA8F9F /* ArticleCellView.swift */ = {isa = PBXFileReference; lastKnownFileType = sourcecode.swift; path = ArticleCellView.swift; sourceTree = "<group>"; };
		581BCF892B02CFC900AA8F9F /* Article.swift */ = {isa = PBXFileReference; lastKnownFileType = sourcecode.swift; path = Article.swift; sourceTree = "<group>"; };
/* End PBXFileReference section */

/* Begin PBXFrameworksBuildPhase section */
		581BCF492B0289CE00AA8F9F /* Frameworks */ = {
			isa = PBXFrameworksBuildPhase;
			buildActionMask = 2147483647;
			files = (
			);
			runOnlyForDeploymentPostprocessing = 0;
		};
		581BCF5B2B0289CF00AA8F9F /* Frameworks */ = {
			isa = PBXFrameworksBuildPhase;
			buildActionMask = 2147483647;
			files = (
			);
			runOnlyForDeploymentPostprocessing = 0;
		};
		581BCF652B0289CF00AA8F9F /* Frameworks */ = {
			isa = PBXFrameworksBuildPhase;
			buildActionMask = 2147483647;
			files = (
			);
			runOnlyForDeploymentPostprocessing = 0;
		};
/* End PBXFrameworksBuildPhase section */

/* Begin PBXGroup section */
		581BCF432B0289CE00AA8F9F = {
			isa = PBXGroup;
			children = (
				581BCF4E2B0289CE00AA8F9F /* dyslire2 */,
				581BCF612B0289CF00AA8F9F /* dyslire2Tests */,
				581BCF6B2B0289CF00AA8F9F /* dyslire2UITests */,
				581BCF4D2B0289CE00AA8F9F /* Products */,
			);
			sourceTree = "<group>";
		};
		581BCF4D2B0289CE00AA8F9F /* Products */ = {
			isa = PBXGroup;
			children = (
				581BCF4C2B0289CE00AA8F9F /* dyslire2.app */,
				581BCF5E2B0289CF00AA8F9F /* dyslire2Tests.xctest */,
				581BCF682B0289CF00AA8F9F /* dyslire2UITests.xctest */,
			);
			name = Products;
			sourceTree = "<group>";
		};
		581BCF4E2B0289CE00AA8F9F /* dyslire2 */ = {
			isa = PBXGroup;
			children = (
				581BCF4F2B0289CE00AA8F9F /* dyslire2App.swift */,
				581BCF832B02977900AA8F9F /* ArticleCellView.swift */,
				581BCF812B028FB900AA8F9F /* ArticleViewModel.swift */,
				581BCF512B0289CE00AA8F9F /* ContentView.swift */,
				581BCF7F2B028F0900AA8F9F /* ArticleModel.swift */,
				581BCF7D2B028B6500AA8F9F /* ArticleDetailView.swift */,
				581BCF892B02CFC900AA8F9F /* Article.swift */,
				581BCF532B0289CE00AA8F9F /* Item.swift */,
				581BCF552B0289CF00AA8F9F /* Assets.xcassets */,
				581BCF572B0289CF00AA8F9F /* Preview Content */,
			);
			path = dyslire2;
			sourceTree = "<group>";
		};
		581BCF572B0289CF00AA8F9F /* Preview Content */ = {
			isa = PBXGroup;
			children = (
				581BCF582B0289CF00AA8F9F /* Preview Assets.xcassets */,
			);
			path = "Preview Content";
			sourceTree = "<group>";
		};
		581BCF612B0289CF00AA8F9F /* dyslire2Tests */ = {
			isa = PBXGroup;
			children = (
				581BCF622B0289CF00AA8F9F /* dyslire2Tests.swift */,
			);
			path = dyslire2Tests;
			sourceTree = "<group>";
		};
		581BCF6B2B0289CF00AA8F9F /* dyslire2UITests */ = {
			isa = PBXGroup;
			children = (
				581BCF6C2B0289CF00AA8F9F /* dyslire2UITests.swift */,
				581BCF6E2B0289CF00AA8F9F /* dyslire2UITestsLaunchTests.swift */,
			);
			path = dyslire2UITests;
			sourceTree = "<group>";
		};
/* End PBXGroup section */

/* Begin PBXNativeTarget section */
		581BCF4B2B0289CE00AA8F9F /* dyslire2 */ = {
			isa = PBXNativeTarget;
			buildConfigurationList = 581BCF722B0289CF00AA8F9F /* Build configuration list for PBXNativeTarget "dyslire2" */;
			buildPhases = (
				581BCF482B0289CE00AA8F9F /* Sources */,
				581BCF492B0289CE00AA8F9F /* Frameworks */,
				581BCF4A2B0289CE00AA8F9F /* Resources */,
			);
			buildRules = (
			);
			dependencies = (
			);
			name = dyslire2;
			productName = dyslire2;
			productReference = 581BCF4C2B0289CE00AA8F9F /* dyslire2.app */;
			productType = "com.apple.product-type.application";
		};
		581BCF5D2B0289CF00AA8F9F /* dyslire2Tests */ = {
			isa = PBXNativeTarget;
			buildConfigurationList = 581BCF752B0289CF00AA8F9F /* Build configuration list for PBXNativeTarget "dyslire2Tests" */;
			buildPhases = (
				581BCF5A2B0289CF00AA8F9F /* Sources */,
				581BCF5B2B0289CF00AA8F9F /* Frameworks */,
				581BCF5C2B0289CF00AA8F9F /* Resources */,
			);
			buildRules = (
			);
			dependencies = (
				581BCF602B0289CF00AA8F9F /* PBXTargetDependency */,
			);
			name = dyslire2Tests;
			productName = dyslire2Tests;
			productReference = 581BCF5E2B0289CF00AA8F9F /* dyslire2Tests.xctest */;
			productType = "com.apple.product-type.bundle.unit-test";
		};
		581BCF672B0289CF00AA8F9F /* dyslire2UITests */ = {
			isa = PBXNativeTarget;
			buildConfigurationList = 581BCF782B0289CF00AA8F9F /* Build configuration list for PBXNativeTarget "dyslire2UITests" */;
			buildPhases = (
				581BCF642B0289CF00AA8F9F /* Sources */,
				581BCF652B0289CF00AA8F9F /* Frameworks */,
				581BCF662B0289CF00AA8F9F /* Resources */,
			);
			buildRules = (
			);
			dependencies = (
				581BCF6A2B0289CF00AA8F9F /* PBXTargetDependency */,
			);
			name = dyslire2UITests;
			productName = dyslire2UITests;
			productReference = 581BCF682B0289CF00AA8F9F /* dyslire2UITests.xctest */;
			productType = "com.apple.product-type.bundle.ui-testing";
		};
/* End PBXNativeTarget section */

/* Begin PBXProject section */
		581BCF442B0289CE00AA8F9F /* Project object */ = {
			isa = PBXProject;
			attributes = {
				BuildIndependentTargetsInParallel = 1;
				LastSwiftUpdateCheck = 1500;
				LastUpgradeCheck = 1500;
				TargetAttributes = {
					581BCF4B2B0289CE00AA8F9F = {
						CreatedOnToolsVersion = 15.0.1;
					};
					581BCF5D2B0289CF00AA8F9F = {
						CreatedOnToolsVersion = 15.0.1;
						TestTargetID = 581BCF4B2B0289CE00AA8F9F;
					};
					581BCF672B0289CF00AA8F9F = {
						CreatedOnToolsVersion = 15.0.1;
						TestTargetID = 581BCF4B2B0289CE00AA8F9F;
					};
				};
			};
			buildConfigurationList = 581BCF472B0289CE00AA8F9F /* Build configuration list for PBXProject "dyslire2" */;
			compatibilityVersion = "Xcode 14.0";
			developmentRegion = en;
			hasScannedForEncodings = 0;
			knownRegions = (
				en,
				Base,
			);
			mainGroup = 581BCF432B0289CE00AA8F9F;
			productRefGroup = 581BCF4D2B0289CE00AA8F9F /* Products */;
			projectDirPath = "";
			projectRoot = "";
			targets = (
				581BCF4B2B0289CE00AA8F9F /* dyslire2 */,
				581BCF5D2B0289CF00AA8F9F /* dyslire2Tests */,
				581BCF672B0289CF00AA8F9F /* dyslire2UITests */,
			);
		};
/* End PBXProject section */

/* Begin PBXResourcesBuildPhase section */
		581BCF4A2B0289CE00AA8F9F /* Resources */ = {
			isa = PBXResourcesBuildPhase;
			buildActionMask = 2147483647;
			files = (
				581BCF592B0289CF00AA8F9F /* Preview Assets.xcassets in Resources */,
				581BCF562B0289CF00AA8F9F /* Assets.xcassets in Resources */,
			);
			runOnlyForDeploymentPostprocessing = 0;
		};
		581BCF5C2B0289CF00AA8F9F /* Resources */ = {
			isa = PBXResourcesBuildPhase;
			buildActionMask = 2147483647;
			files = (
			);
			runOnlyForDeploymentPostprocessing = 0;
		};
		581BCF662B0289CF00AA8F9F /* Resources */ = {
			isa = PBXResourcesBuildPhase;
			buildActionMask = 2147483647;
			files = (
			);
			runOnlyForDeploymentPostprocessing = 0;
		};
/* End PBXResourcesBuildPhase section */

/* Begin PBXSourcesBuildPhase section */
		581BCF482B0289CE00AA8F9F /* Sources */ = {
			isa = PBXSourcesBuildPhase;
			buildActionMask = 2147483647;
			files = (
				581BCF7E2B028B6500AA8F9F /* ArticleDetailView.swift in Sources */,
				581BCF842B02977900AA8F9F /* ArticleCellView.swift in Sources */,
				581BCF8A2B02CFC900AA8F9F /* Article.swift in Sources */,
				581BCF802B028F0900AA8F9F /* ArticleModel.swift in Sources */,
				581BCF522B0289CE00AA8F9F /* ContentView.swift in Sources */,
				581BCF822B028FB900AA8F9F /* ArticleViewModel.swift in Sources */,
				581BCF542B0289CE00AA8F9F /* Item.swift in Sources */,
				581BCF502B0289CE00AA8F9F /* dyslire2App.swift in Sources */,
			);
			runOnlyForDeploymentPostprocessing = 0;
		};
		581BCF5A2B0289CF00AA8F9F /* Sources */ = {
			isa = PBXSourcesBuildPhase;
			buildActionMask = 2147483647;
			files = (
				581BCF632B0289CF00AA8F9F /* dyslire2Tests.swift in Sources */,
			);
			runOnlyForDeploymentPostprocessing = 0;
		};
		581BCF642B0289CF00AA8F9F /* Sources */ = {
			isa = PBXSourcesBuildPhase;
			buildActionMask = 2147483647;
			files = (
				581BCF6F2B0289CF00AA8F9F /* dyslire2UITestsLaunchTests.swift in Sources */,
				581BCF6D2B0289CF00AA8F9F /* dyslire2UITests.swift in Sources */,
			);
			runOnlyForDeploymentPostprocessing = 0;
		};
/* End PBXSourcesBuildPhase section */

/* Begin PBXTargetDependency section */
		581BCF602B0289CF00AA8F9F /* PBXTargetDependency */ = {
			isa = PBXTargetDependency;
			target = 581BCF4B2B0289CE00AA8F9F /* dyslire2 */;
			targetProxy = 581BCF5F2B0289CF00AA8F9F /* PBXContainerItemProxy */;
		};
		581BCF6A2B0289CF00AA8F9F /* PBXTargetDependency */ = {
			isa = PBXTargetDependency;
			target = 581BCF4B2B0289CE00AA8F9F /* dyslire2 */;
			targetProxy = 581BCF692B0289CF00AA8F9F /* PBXContainerItemProxy */;
		};
/* End PBXTargetDependency section */

/* Begin XCBuildConfiguration section */
		581BCF702B0289CF00AA8F9F /* Debug */ = {
			isa = XCBuildConfiguration;
			buildSettings = {
				ALWAYS_SEARCH_USER_PATHS = NO;
				ASSETCATALOG_COMPILER_GENERATE_SWIFT_ASSET_SYMBOL_EXTENSIONS = YES;
				CLANG_ANALYZER_NONNULL = YES;
				CLANG_ANALYZER_NUMBER_OBJECT_CONVERSION = YES_AGGRESSIVE;
				CLANG_CXX_LANGUAGE_STANDARD = "gnu++20";
				CLANG_ENABLE_MODULES = YES;
				CLANG_ENABLE_OBJC_ARC = YES;
				CLANG_ENABLE_OBJC_WEAK = YES;
				CLANG_WARN_BLOCK_CAPTURE_AUTORELEASING = YES;
				CLANG_WARN_BOOL_CONVERSION = YES;
				CLANG_WARN_COMMA = YES;
				CLANG_WARN_CONSTANT_CONVERSION = YES;
				CLANG_WARN_DEPRECATED_OBJC_IMPLEMENTATIONS = YES;
				CLANG_WARN_DIRECT_OBJC_ISA_USAGE = YES_ERROR;
				CLANG_WARN_DOCUMENTATION_COMMENTS = YES;
				CLANG_WARN_EMPTY_BODY = YES;
				CLANG_WARN_ENUM_CONVERSION = YES;
				CLANG_WARN_INFINITE_RECURSION = YES;
				CLANG_WARN_INT_CONVERSION = YES;
				CLANG_WARN_NON_LITERAL_NULL_CONVERSION = YES;
				CLANG_WARN_OBJC_IMPLICIT_RETAIN_SELF = YES;
				CLANG_WARN_OBJC_LITERAL_CONVERSION = YES;
				CLANG_WARN_OBJC_ROOT_CLASS = YES_ERROR;
				CLANG_WARN_QUOTED_INCLUDE_IN_FRAMEWORK_HEADER = YES;
				CLANG_WARN_RANGE_LOOP_ANALYSIS = YES;
				CLANG_WARN_STRICT_PROTOTYPES = YES;
				CLANG_WARN_SUSPICIOUS_MOVE = YES;
				CLANG_WARN_UNGUARDED_AVAILABILITY = YES_AGGRESSIVE;
				CLANG_WARN_UNREACHABLE_CODE = YES;
				CLANG_WARN__DUPLICATE_METHOD_MATCH = YES;
				COPY_PHASE_STRIP = NO;
				DEBUG_INFORMATION_FORMAT = dwarf;
				ENABLE_STRICT_OBJC_MSGSEND = YES;
				ENABLE_TESTABILITY = YES;
				ENABLE_USER_SCRIPT_SANDBOXING = YES;
				GCC_C_LANGUAGE_STANDARD = gnu17;
				GCC_DYNAMIC_NO_PIC = NO;
				GCC_NO_COMMON_BLOCKS = YES;
				GCC_OPTIMIZATION_LEVEL = 0;
				GCC_PREPROCESSOR_DEFINITIONS = (
					"DEBUG=1",
					"$(inherited)",
				);
				GCC_WARN_64_TO_32_BIT_CONVERSION = YES;
				GCC_WARN_ABOUT_RETURN_TYPE = YES_ERROR;
				GCC_WARN_UNDECLARED_SELECTOR = YES;
				GCC_WARN_UNINITIALIZED_AUTOS = YES_AGGRESSIVE;
				GCC_WARN_UNUSED_FUNCTION = YES;
				GCC_WARN_UNUSED_VARIABLE = YES;
				IPHONEOS_DEPLOYMENT_TARGET = 17.0;
				LOCALIZATION_PREFERS_STRING_CATALOGS = YES;
				MTL_ENABLE_DEBUG_INFO = INCLUDE_SOURCE;
				MTL_FAST_MATH = YES;
				ONLY_ACTIVE_ARCH = YES;
				SDKROOT = iphoneos;
				SWIFT_ACTIVE_COMPILATION_CONDITIONS = "DEBUG $(inherited)";
				SWIFT_OPTIMIZATION_LEVEL = "-Onone";
			};
			name = Debug;
		};
		581BCF712B0289CF00AA8F9F /* Release */ = {
			isa = XCBuildConfiguration;
			buildSettings = {
				ALWAYS_SEARCH_USER_PATHS = NO;
				ASSETCATALOG_COMPILER_GENERATE_SWIFT_ASSET_SYMBOL_EXTENSIONS = YES;
				CLANG_ANALYZER_NONNULL = YES;
				CLANG_ANALYZER_NUMBER_OBJECT_CONVERSION = YES_AGGRESSIVE;
				CLANG_CXX_LANGUAGE_STANDARD = "gnu++20";
				CLANG_ENABLE_MODULES = YES;
				CLANG_ENABLE_OBJC_ARC = YES;
				CLANG_ENABLE_OBJC_WEAK = YES;
				CLANG_WARN_BLOCK_CAPTURE_AUTORELEASING = YES;
				CLANG_WARN_BOOL_CONVERSION = YES;
				CLANG_WARN_COMMA = YES;
				CLANG_WARN_CONSTANT_CONVERSION = YES;
				CLANG_WARN_DEPRECATED_OBJC_IMPLEMENTATIONS = YES;
				CLANG_WARN_DIRECT_OBJC_ISA_USAGE = YES_ERROR;
				CLANG_WARN_DOCUMENTATION_COMMENTS = YES;
				CLANG_WARN_EMPTY_BODY = YES;
				CLANG_WARN_ENUM_CONVERSION = YES;
				CLANG_WARN_INFINITE_RECURSION = YES;
				CLANG_WARN_INT_CONVERSION = YES;
				CLANG_WARN_NON_LITERAL_NULL_CONVERSION = YES;
				CLANG_WARN_OBJC_IMPLICIT_RETAIN_SELF = YES;
				CLANG_WARN_OBJC_LITERAL_CONVERSION = YES;
				CLANG_WARN_OBJC_ROOT_CLASS = YES_ERROR;
				CLANG_WARN_QUOTED_INCLUDE_IN_FRAMEWORK_HEADER = YES;
				CLANG_WARN_RANGE_LOOP_ANALYSIS = YES;
				CLANG_WARN_STRICT_PROTOTYPES = YES;
				CLANG_WARN_SUSPICIOUS_MOVE = YES;
				CLANG_WARN_UNGUARDED_AVAILABILITY = YES_AGGRESSIVE;
				CLANG_WARN_UNREACHABLE_CODE = YES;
				CLANG_WARN__DUPLICATE_METHOD_MATCH = YES;
				COPY_PHASE_STRIP = NO;
				DEBUG_INFORMATION_FORMAT = "dwarf-with-dsym";
				ENABLE_NS_ASSERTIONS = NO;
				ENABLE_STRICT_OBJC_MSGSEND = YES;
				ENABLE_USER_SCRIPT_SANDBOXING = YES;
				GCC_C_LANGUAGE_STANDARD = gnu17;
				GCC_NO_COMMON_BLOCKS = YES;
				GCC_WARN_64_TO_32_BIT_CONVERSION = YES;
				GCC_WARN_ABOUT_RETURN_TYPE = YES_ERROR;
				GCC_WARN_UNDECLARED_SELECTOR = YES;
				GCC_WARN_UNINITIALIZED_AUTOS = YES_AGGRESSIVE;
				GCC_WARN_UNUSED_FUNCTION = YES;
				GCC_WARN_UNUSED_VARIABLE = YES;
				IPHONEOS_DEPLOYMENT_TARGET = 17.0;
				LOCALIZATION_PREFERS_STRING_CATALOGS = YES;
				MTL_ENABLE_DEBUG_INFO = NO;
				MTL_FAST_MATH = YES;
				SDKROOT = iphoneos;
				SWIFT_COMPILATION_MODE = wholemodule;
				VALIDATE_PRODUCT = YES;
			};
			name = Release;
		};
		581BCF732B0289CF00AA8F9F /* Debug */ = {
			isa = XCBuildConfiguration;
			buildSettings = {
				ASSETCATALOG_COMPILER_APPICON_NAME = AppIcon;
				ASSETCATALOG_COMPILER_GLOBAL_ACCENT_COLOR_NAME = AccentColor;
				CODE_SIGN_STYLE = Automatic;
				CURRENT_PROJECT_VERSION = 1;
				DEVELOPMENT_ASSET_PATHS = "\"dyslire2/Preview Content\"";
				ENABLE_PREVIEWS = YES;
				GENERATE_INFOPLIST_FILE = YES;
				INFOPLIST_KEY_UIApplicationSceneManifest_Generation = YES;
				INFOPLIST_KEY_UIApplicationSupportsIndirectInputEvents = YES;
				INFOPLIST_KEY_UILaunchScreen_Generation = YES;
				INFOPLIST_KEY_UISupportedInterfaceOrientations_iPad = "UIInterfaceOrientationPortrait UIInterfaceOrientationPortraitUpsideDown UIInterfaceOrientationLandscapeLeft UIInterfaceOrientationLandscapeRight";
				INFOPLIST_KEY_UISupportedInterfaceOrientations_iPhone = "UIInterfaceOrientationPortrait UIInterfaceOrientationLandscapeLeft UIInterfaceOrientationLandscapeRight";
				LD_RUNPATH_SEARCH_PATHS = (
					"$(inherited)",
					"@executable_path/Frameworks",
				);
				MARKETING_VERSION = 1.0;
				PRODUCT_BUNDLE_IDENTIFIER = Esprit.dyslire2;
				PRODUCT_NAME = "$(TARGET_NAME)";
				SWIFT_EMIT_LOC_STRINGS = YES;
				SWIFT_VERSION = 5.0;
				TARGETED_DEVICE_FAMILY = "1,2";
			};
			name = Debug;
		};
		581BCF742B0289CF00AA8F9F /* Release */ = {
			isa = XCBuildConfiguration;
			buildSettings = {
				ASSETCATALOG_COMPILER_APPICON_NAME = AppIcon;
				ASSETCATALOG_COMPILER_GLOBAL_ACCENT_COLOR_NAME = AccentColor;
				CODE_SIGN_STYLE = Automatic;
				CURRENT_PROJECT_VERSION = 1;
				DEVELOPMENT_ASSET_PATHS = "\"dyslire2/Preview Content\"";
				ENABLE_PREVIEWS = YES;
				GENERATE_INFOPLIST_FILE = YES;
				INFOPLIST_KEY_UIApplicationSceneManifest_Generation = YES;
				INFOPLIST_KEY_UIApplicationSupportsIndirectInputEvents = YES;
				INFOPLIST_KEY_UILaunchScreen_Generation = YES;
				INFOPLIST_KEY_UISupportedInterfaceOrientations_iPad = "UIInterfaceOrientationPortrait UIInterfaceOrientationPortraitUpsideDown UIInterfaceOrientationLandscapeLeft UIInterfaceOrientationLandscapeRight";
				INFOPLIST_KEY_UISupportedInterfaceOrientations_iPhone = "UIInterfaceOrientationPortrait UIInterfaceOrientationLandscapeLeft UIInterfaceOrientationLandscapeRight";
				LD_RUNPATH_SEARCH_PATHS = (
					"$(inherited)",
					"@executable_path/Frameworks",
				);
				MARKETING_VERSION = 1.0;
				PRODUCT_BUNDLE_IDENTIFIER = Esprit.dyslire2;
				PRODUCT_NAME = "$(TARGET_NAME)";
				SWIFT_EMIT_LOC_STRINGS = YES;
				SWIFT_VERSION = 5.0;
				TARGETED_DEVICE_FAMILY = "1,2";
			};
			name = Release;
		};
		581BCF762B0289CF00AA8F9F /* Debug */ = {
			isa = XCBuildConfiguration;
			buildSettings = {
				ALWAYS_EMBED_SWIFT_STANDARD_LIBRARIES = YES;
				BUNDLE_LOADER = "$(TEST_HOST)";
				CODE_SIGN_STYLE = Automatic;
				CURRENT_PROJECT_VERSION = 1;
				GENERATE_INFOPLIST_FILE = YES;
				IPHONEOS_DEPLOYMENT_TARGET = 17.0;
				MARKETING_VERSION = 1.0;
				PRODUCT_BUNDLE_IDENTIFIER = Esprit.dyslire2Tests;
				PRODUCT_NAME = "$(TARGET_NAME)";
				SWIFT_EMIT_LOC_STRINGS = NO;
				SWIFT_VERSION = 5.0;
				TARGETED_DEVICE_FAMILY = "1,2";
				TEST_HOST = "$(BUILT_PRODUCTS_DIR)/dyslire2.app/$(BUNDLE_EXECUTABLE_FOLDER_PATH)/dyslire2";
			};
			name = Debug;
		};
		581BCF772B0289CF00AA8F9F /* Release */ = {
			isa = XCBuildConfiguration;
			buildSettings = {
				ALWAYS_EMBED_SWIFT_STANDARD_LIBRARIES = YES;
				BUNDLE_LOADER = "$(TEST_HOST)";
				CODE_SIGN_STYLE = Automatic;
				CURRENT_PROJECT_VERSION = 1;
				GENERATE_INFOPLIST_FILE = YES;
				IPHONEOS_DEPLOYMENT_TARGET = 17.0;
				MARKETING_VERSION = 1.0;
				PRODUCT_BUNDLE_IDENTIFIER = Esprit.dyslire2Tests;
				PRODUCT_NAME = "$(TARGET_NAME)";
				SWIFT_EMIT_LOC_STRINGS = NO;
				SWIFT_VERSION = 5.0;
				TARGETED_DEVICE_FAMILY = "1,2";
				TEST_HOST = "$(BUILT_PRODUCTS_DIR)/dyslire2.app/$(BUNDLE_EXECUTABLE_FOLDER_PATH)/dyslire2";
			};
			name = Release;
		};
		581BCF792B0289CF00AA8F9F /* Debug */ = {
			isa = XCBuildConfiguration;
			buildSettings = {
				ALWAYS_EMBED_SWIFT_STANDARD_LIBRARIES = YES;
				CODE_SIGN_STYLE = Automatic;
				CURRENT_PROJECT_VERSION = 1;
				GENERATE_INFOPLIST_FILE = YES;
				MARKETING_VERSION = 1.0;
				PRODUCT_BUNDLE_IDENTIFIER = Esprit.dyslire2UITests;
				PRODUCT_NAME = "$(TARGET_NAME)";
				SWIFT_EMIT_LOC_STRINGS = NO;
				SWIFT_VERSION = 5.0;
				TARGETED_DEVICE_FAMILY = "1,2";
				TEST_TARGET_NAME = dyslire2;
			};
			name = Debug;
		};
		581BCF7A2B0289CF00AA8F9F /* Release */ = {
			isa = XCBuildConfiguration;
			buildSettings = {
				ALWAYS_EMBED_SWIFT_STANDARD_LIBRARIES = YES;
				CODE_SIGN_STYLE = Automatic;
				CURRENT_PROJECT_VERSION = 1;
				GENERATE_INFOPLIST_FILE = YES;
				MARKETING_VERSION = 1.0;
				PRODUCT_BUNDLE_IDENTIFIER = Esprit.dyslire2UITests;
				PRODUCT_NAME = "$(TARGET_NAME)";
				SWIFT_EMIT_LOC_STRINGS = NO;
				SWIFT_VERSION = 5.0;
				TARGETED_DEVICE_FAMILY = "1,2";
				TEST_TARGET_NAME = dyslire2;
			};
			name = Release;
		};
/* End XCBuildConfiguration section */

/* Begin XCConfigurationList section */
		581BCF472B0289CE00AA8F9F /* Build configuration list for PBXProject "dyslire2" */ = {
			isa = XCConfigurationList;
			buildConfigurations = (
				581BCF702B0289CF00AA8F9F /* Debug */,
				581BCF712B0289CF00AA8F9F /* Release */,
			);
			defaultConfigurationIsVisible = 0;
			defaultConfigurationName = Release;
		};
		581BCF722B0289CF00AA8F9F /* Build configuration list for PBXNativeTarget "dyslire2" */ = {
			isa = XCConfigurationList;
			buildConfigurations = (
				581BCF732B0289CF00AA8F9F /* Debug */,
				581BCF742B0289CF00AA8F9F /* Release */,
			);
			defaultConfigurationIsVisible = 0;
			defaultConfigurationName = Release;
		};
		581BCF752B0289CF00AA8F9F /* Build configuration list for PBXNativeTarget "dyslire2Tests" */ = {
			isa = XCConfigurationList;
			buildConfigurations = (
				581BCF762B0289CF00AA8F9F /* Debug */,
				581BCF772B0289CF00AA8F9F /* Release */,
			);
			defaultConfigurationIsVisible = 0;
			defaultConfigurationName = Release;
		};
		581BCF782B0289CF00AA8F9F /* Build configuration list for PBXNativeTarget "dyslire2UITests" */ = {
			isa = XCConfigurationList;
			buildConfigurations = (
				581BCF792B0289CF00AA8F9F /* Debug */,
				581BCF7A2B0289CF00AA8F9F /* Release */,
			);
			defaultConfigurationIsVisible = 0;
			defaultConfigurationName = Release;
		};
/* End XCConfigurationList section */
	};
	rootObject = 581BCF442B0289CE00AA8F9F /* Project object */;
}
