// !$*UTF8*$!
{
	archiveVersion = 1;
	classes = {
	};
	objectVersion = 56;
	objects = {

/* Begin PBXBuildFile section */
		FA2E4E7A2B0EC0B500AB98F5 /* NavigationConfigurator.swift in Sources */ = {isa = PBXBuildFile; fileRef = FA2E4E792B0EC0B500AB98F5 /* NavigationConfigurator.swift */; };
		FA2E4E7C2B0F63A300AB98F5 /* Rating.swift in Sources */ = {isa = PBXBuildFile; fileRef = FA2E4E7B2B0F63A300AB98F5 /* Rating.swift */; };
		FA2E4E7E2B0F63DC00AB98F5 /* ForumDetailViewModel.swift in Sources */ = {isa = PBXBuildFile; fileRef = FA2E4E7D2B0F63DC00AB98F5 /* ForumDetailViewModel.swift */; };
		FA2E4E802B0F652900AB98F5 /* CommentView.swift in Sources */ = {isa = PBXBuildFile; fileRef = FA2E4E7F2B0F652900AB98F5 /* CommentView.swift */; };
		FA2E4E822B0F873900AB98F5 /* ModifyForumView.swift in Sources */ = {isa = PBXBuildFile; fileRef = FA2E4E812B0F873900AB98F5 /* ModifyForumView.swift */; };
		FA4E6D152B0E130C008A68A8 /* forum_appApp.swift in Sources */ = {isa = PBXBuildFile; fileRef = FA4E6D142B0E130C008A68A8 /* forum_appApp.swift */; };
		FA4E6D172B0E130C008A68A8 /* ContentView.swift in Sources */ = {isa = PBXBuildFile; fileRef = FA4E6D162B0E130C008A68A8 /* ContentView.swift */; };
		FA4E6D192B0E130E008A68A8 /* Assets.xcassets in Resources */ = {isa = PBXBuildFile; fileRef = FA4E6D182B0E130E008A68A8 /* Assets.xcassets */; };
		FA4E6D1C2B0E130E008A68A8 /* Preview Assets.xcassets in Resources */ = {isa = PBXBuildFile; fileRef = FA4E6D1B2B0E130E008A68A8 /* Preview Assets.xcassets */; };
		FA4E6D262B0E1665008A68A8 /* Forum.swift in Sources */ = {isa = PBXBuildFile; fileRef = FA4E6D252B0E1665008A68A8 /* Forum.swift */; };
		FA4E6D282B0E16B8008A68A8 /* Commentaire.swift in Sources */ = {isa = PBXBuildFile; fileRef = FA4E6D272B0E16B8008A68A8 /* Commentaire.swift */; };
		FA4E6D2A2B0E16D1008A68A8 /* User.swift in Sources */ = {isa = PBXBuildFile; fileRef = FA4E6D292B0E16D1008A68A8 /* User.swift */; };
		FA4E6D2C2B0E17A0008A68A8 /* ForumListViewModel.swift in Sources */ = {isa = PBXBuildFile; fileRef = FA4E6D2B2B0E17A0008A68A8 /* ForumListViewModel.swift */; };
		FA4E6D2E2B0E17EF008A68A8 /* ForumListView.swift in Sources */ = {isa = PBXBuildFile; fileRef = FA4E6D2D2B0E17EF008A68A8 /* ForumListView.swift */; };
		FA4E6D302B0E18F7008A68A8 /* ForumRowView.swift in Sources */ = {isa = PBXBuildFile; fileRef = FA4E6D2F2B0E18F7008A68A8 /* ForumRowView.swift */; };
		FA4E6D322B0E46FB008A68A8 /* ForumDetailsView.swift in Sources */ = {isa = PBXBuildFile; fileRef = FA4E6D312B0E46FB008A68A8 /* ForumDetailsView.swift */; };
		FA4E6D342B0E4A57008A68A8 /* CreateForumView.swift in Sources */ = {isa = PBXBuildFile; fileRef = FA4E6D332B0E4A57008A68A8 /* CreateForumView.swift */; };
/* End PBXBuildFile section */

/* Begin PBXFileReference section */
		FA2E4E792B0EC0B500AB98F5 /* NavigationConfigurator.swift */ = {isa = PBXFileReference; lastKnownFileType = sourcecode.swift; path = NavigationConfigurator.swift; sourceTree = "<group>"; };
		FA2E4E7B2B0F63A300AB98F5 /* Rating.swift */ = {isa = PBXFileReference; lastKnownFileType = sourcecode.swift; path = Rating.swift; sourceTree = "<group>"; };
		FA2E4E7D2B0F63DC00AB98F5 /* ForumDetailViewModel.swift */ = {isa = PBXFileReference; lastKnownFileType = sourcecode.swift; path = ForumDetailViewModel.swift; sourceTree = "<group>"; };
		FA2E4E7F2B0F652900AB98F5 /* CommentView.swift */ = {isa = PBXFileReference; lastKnownFileType = sourcecode.swift; path = CommentView.swift; sourceTree = "<group>"; };
		FA2E4E812B0F873900AB98F5 /* ModifyForumView.swift */ = {isa = PBXFileReference; lastKnownFileType = sourcecode.swift; path = ModifyForumView.swift; sourceTree = "<group>"; };
		FA4E6D112B0E130C008A68A8 /* forum-app.app */ = {isa = PBXFileReference; explicitFileType = wrapper.application; includeInIndex = 0; path = "forum-app.app"; sourceTree = BUILT_PRODUCTS_DIR; };
		FA4E6D142B0E130C008A68A8 /* forum_appApp.swift */ = {isa = PBXFileReference; lastKnownFileType = sourcecode.swift; path = forum_appApp.swift; sourceTree = "<group>"; };
		FA4E6D162B0E130C008A68A8 /* ContentView.swift */ = {isa = PBXFileReference; lastKnownFileType = sourcecode.swift; path = ContentView.swift; sourceTree = "<group>"; };
		FA4E6D182B0E130E008A68A8 /* Assets.xcassets */ = {isa = PBXFileReference; lastKnownFileType = folder.assetcatalog; path = Assets.xcassets; sourceTree = "<group>"; };
		FA4E6D1B2B0E130E008A68A8 /* Preview Assets.xcassets */ = {isa = PBXFileReference; lastKnownFileType = folder.assetcatalog; path = "Preview Assets.xcassets"; sourceTree = "<group>"; };
		FA4E6D252B0E1665008A68A8 /* Forum.swift */ = {isa = PBXFileReference; lastKnownFileType = sourcecode.swift; path = Forum.swift; sourceTree = "<group>"; };
		FA4E6D272B0E16B8008A68A8 /* Commentaire.swift */ = {isa = PBXFileReference; lastKnownFileType = sourcecode.swift; path = Commentaire.swift; sourceTree = "<group>"; };
		FA4E6D292B0E16D1008A68A8 /* User.swift */ = {isa = PBXFileReference; lastKnownFileType = sourcecode.swift; path = User.swift; sourceTree = "<group>"; };
		FA4E6D2B2B0E17A0008A68A8 /* ForumListViewModel.swift */ = {isa = PBXFileReference; lastKnownFileType = sourcecode.swift; path = ForumListViewModel.swift; sourceTree = "<group>"; };
		FA4E6D2D2B0E17EF008A68A8 /* ForumListView.swift */ = {isa = PBXFileReference; lastKnownFileType = sourcecode.swift; path = ForumListView.swift; sourceTree = "<group>"; };
		FA4E6D2F2B0E18F7008A68A8 /* ForumRowView.swift */ = {isa = PBXFileReference; lastKnownFileType = sourcecode.swift; path = ForumRowView.swift; sourceTree = "<group>"; };
		FA4E6D312B0E46FB008A68A8 /* ForumDetailsView.swift */ = {isa = PBXFileReference; lastKnownFileType = sourcecode.swift; path = ForumDetailsView.swift; sourceTree = "<group>"; };
		FA4E6D332B0E4A57008A68A8 /* CreateForumView.swift */ = {isa = PBXFileReference; lastKnownFileType = sourcecode.swift; path = CreateForumView.swift; sourceTree = "<group>"; };
/* End PBXFileReference section */

/* Begin PBXFrameworksBuildPhase section */
		FA4E6D0E2B0E130C008A68A8 /* Frameworks */ = {
			isa = PBXFrameworksBuildPhase;
			buildActionMask = 2147483647;
			files = (
			);
			runOnlyForDeploymentPostprocessing = 0;
		};
/* End PBXFrameworksBuildPhase section */

/* Begin PBXGroup section */
		FA4E6D082B0E130C008A68A8 = {
			isa = PBXGroup;
			children = (
				FA4E6D132B0E130C008A68A8 /* forum-app */,
				FA4E6D122B0E130C008A68A8 /* Products */,
			);
			sourceTree = "<group>";
		};
		FA4E6D122B0E130C008A68A8 /* Products */ = {
			isa = PBXGroup;
			children = (
				FA4E6D112B0E130C008A68A8 /* forum-app.app */,
			);
			name = Products;
			sourceTree = "<group>";
		};
		FA4E6D132B0E130C008A68A8 /* forum-app */ = {
			isa = PBXGroup;
			children = (
				FA4E6D242B0E13E3008A68A8 /* Views */,
				FA4E6D232B0E13CF008A68A8 /* ViewModels */,
				FA4E6D222B0E13B9008A68A8 /* Models */,
				FA4E6D142B0E130C008A68A8 /* forum_appApp.swift */,
				FA4E6D162B0E130C008A68A8 /* ContentView.swift */,
				FA4E6D182B0E130E008A68A8 /* Assets.xcassets */,
				FA4E6D1A2B0E130E008A68A8 /* Preview Content */,
			);
			path = "forum-app";
			sourceTree = "<group>";
		};
		FA4E6D1A2B0E130E008A68A8 /* Preview Content */ = {
			isa = PBXGroup;
			children = (
				FA4E6D1B2B0E130E008A68A8 /* Preview Assets.xcassets */,
			);
			path = "Preview Content";
			sourceTree = "<group>";
		};
		FA4E6D222B0E13B9008A68A8 /* Models */ = {
			isa = PBXGroup;
			children = (
				FA4E6D252B0E1665008A68A8 /* Forum.swift */,
				FA4E6D272B0E16B8008A68A8 /* Commentaire.swift */,
				FA4E6D292B0E16D1008A68A8 /* User.swift */,
				FA2E4E7B2B0F63A300AB98F5 /* Rating.swift */,
			);
			path = Models;
			sourceTree = "<group>";
		};
		FA4E6D232B0E13CF008A68A8 /* ViewModels */ = {
			isa = PBXGroup;
			children = (
				FA4E6D2B2B0E17A0008A68A8 /* ForumListViewModel.swift */,
				FA2E4E7D2B0F63DC00AB98F5 /* ForumDetailViewModel.swift */,
			);
			path = ViewModels;
			sourceTree = "<group>";
		};
		FA4E6D242B0E13E3008A68A8 /* Views */ = {
			isa = PBXGroup;
			children = (
				FA4E6D2D2B0E17EF008A68A8 /* ForumListView.swift */,
				FA4E6D312B0E46FB008A68A8 /* ForumDetailsView.swift */,
				FA4E6D2F2B0E18F7008A68A8 /* ForumRowView.swift */,
				FA4E6D332B0E4A57008A68A8 /* CreateForumView.swift */,
				FA2E4E792B0EC0B500AB98F5 /* NavigationConfigurator.swift */,
				FA2E4E7F2B0F652900AB98F5 /* CommentView.swift */,
				FA2E4E812B0F873900AB98F5 /* ModifyForumView.swift */,
			);
			path = Views;
			sourceTree = "<group>";
		};
/* End PBXGroup section */

/* Begin PBXNativeTarget section */
		FA4E6D102B0E130C008A68A8 /* forum-app */ = {
			isa = PBXNativeTarget;
			buildConfigurationList = FA4E6D1F2B0E130E008A68A8 /* Build configuration list for PBXNativeTarget "forum-app" */;
			buildPhases = (
				FA4E6D0D2B0E130C008A68A8 /* Sources */,
				FA4E6D0E2B0E130C008A68A8 /* Frameworks */,
				FA4E6D0F2B0E130C008A68A8 /* Resources */,
			);
			buildRules = (
			);
			dependencies = (
			);
			name = "forum-app";
			productName = "forum-app";
			productReference = FA4E6D112B0E130C008A68A8 /* forum-app.app */;
			productType = "com.apple.product-type.application";
		};
/* End PBXNativeTarget section */

/* Begin PBXProject section */
		FA4E6D092B0E130C008A68A8 /* Project object */ = {
			isa = PBXProject;
			attributes = {
				BuildIndependentTargetsInParallel = 1;
				LastSwiftUpdateCheck = 1500;
				LastUpgradeCheck = 1500;
				TargetAttributes = {
					FA4E6D102B0E130C008A68A8 = {
						CreatedOnToolsVersion = 15.0.1;
					};
				};
			};
			buildConfigurationList = FA4E6D0C2B0E130C008A68A8 /* Build configuration list for PBXProject "forum-app" */;
			compatibilityVersion = "Xcode 14.0";
			developmentRegion = en;
			hasScannedForEncodings = 0;
			knownRegions = (
				en,
				Base,
			);
			mainGroup = FA4E6D082B0E130C008A68A8;
			productRefGroup = FA4E6D122B0E130C008A68A8 /* Products */;
			projectDirPath = "";
			projectRoot = "";
			targets = (
				FA4E6D102B0E130C008A68A8 /* forum-app */,
			);
		};
/* End PBXProject section */

/* Begin PBXResourcesBuildPhase section */
		FA4E6D0F2B0E130C008A68A8 /* Resources */ = {
			isa = PBXResourcesBuildPhase;
			buildActionMask = 2147483647;
			files = (
				FA4E6D1C2B0E130E008A68A8 /* Preview Assets.xcassets in Resources */,
				FA4E6D192B0E130E008A68A8 /* Assets.xcassets in Resources */,
			);
			runOnlyForDeploymentPostprocessing = 0;
		};
/* End PBXResourcesBuildPhase section */

/* Begin PBXSourcesBuildPhase section */
		FA4E6D0D2B0E130C008A68A8 /* Sources */ = {
			isa = PBXSourcesBuildPhase;
			buildActionMask = 2147483647;
			files = (
				FA2E4E7C2B0F63A300AB98F5 /* Rating.swift in Sources */,
				FA4E6D2C2B0E17A0008A68A8 /* ForumListViewModel.swift in Sources */,
				FA4E6D302B0E18F7008A68A8 /* ForumRowView.swift in Sources */,
				FA2E4E822B0F873900AB98F5 /* ModifyForumView.swift in Sources */,
				FA4E6D2E2B0E17EF008A68A8 /* ForumListView.swift in Sources */,
				FA2E4E7E2B0F63DC00AB98F5 /* ForumDetailViewModel.swift in Sources */,
				FA4E6D282B0E16B8008A68A8 /* Commentaire.swift in Sources */,
				FA4E6D172B0E130C008A68A8 /* ContentView.swift in Sources */,
				FA4E6D152B0E130C008A68A8 /* forum_appApp.swift in Sources */,
				FA2E4E7A2B0EC0B500AB98F5 /* NavigationConfigurator.swift in Sources */,
				FA4E6D2A2B0E16D1008A68A8 /* User.swift in Sources */,
				FA4E6D322B0E46FB008A68A8 /* ForumDetailsView.swift in Sources */,
				FA4E6D342B0E4A57008A68A8 /* CreateForumView.swift in Sources */,
				FA2E4E802B0F652900AB98F5 /* CommentView.swift in Sources */,
				FA4E6D262B0E1665008A68A8 /* Forum.swift in Sources */,
			);
			runOnlyForDeploymentPostprocessing = 0;
		};
/* End PBXSourcesBuildPhase section */

/* Begin XCBuildConfiguration section */
		FA4E6D1D2B0E130E008A68A8 /* Debug */ = {
			isa = XCBuildConfiguration;
			buildSettings = {
				ALWAYS_SEARCH_USER_PATHS = NO;
				ASSETCATALOG_COMPILER_GENERATE_SWIFT_ASSET_SYMBOL_EXTENSIONS = YES;
				CLANG_ANALYZER_NONNULL = YES;
				CLANG_ANALYZER_NUMBER_OBJECT_CONVERSION = YES_AGGRESSIVE;
				CLANG_CXX_LANGUAGE_STANDARD = "gnu++20";
				CLANG_ENABLE_MODULES = YES;
				CLANG_ENABLE_OBJC_ARC = YES;
				CLANG_ENABLE_OBJC_WEAK = YES;
				CLANG_WARN_BLOCK_CAPTURE_AUTORELEASING = YES;
				CLANG_WARN_BOOL_CONVERSION = YES;
				CLANG_WARN_COMMA = YES;
				CLANG_WARN_CONSTANT_CONVERSION = YES;
				CLANG_WARN_DEPRECATED_OBJC_IMPLEMENTATIONS = YES;
				CLANG_WARN_DIRECT_OBJC_ISA_USAGE = YES_ERROR;
				CLANG_WARN_DOCUMENTATION_COMMENTS = YES;
				CLANG_WARN_EMPTY_BODY = YES;
				CLANG_WARN_ENUM_CONVERSION = YES;
				CLANG_WARN_INFINITE_RECURSION = YES;
				CLANG_WARN_INT_CONVERSION = YES;
				CLANG_WARN_NON_LITERAL_NULL_CONVERSION = YES;
				CLANG_WARN_OBJC_IMPLICIT_RETAIN_SELF = YES;
				CLANG_WARN_OBJC_LITERAL_CONVERSION = YES;
				CLANG_WARN_OBJC_ROOT_CLASS = YES_ERROR;
				CLANG_WARN_QUOTED_INCLUDE_IN_FRAMEWORK_HEADER = YES;
				CLANG_WARN_RANGE_LOOP_ANALYSIS = YES;
				CLANG_WARN_STRICT_PROTOTYPES = YES;
				CLANG_WARN_SUSPICIOUS_MOVE = YES;
				CLANG_WARN_UNGUARDED_AVAILABILITY = YES_AGGRESSIVE;
				CLANG_WARN_UNREACHABLE_CODE = YES;
				CLANG_WARN__DUPLICATE_METHOD_MATCH = YES;
				COPY_PHASE_STRIP = NO;
				DEBUG_INFORMATION_FORMAT = dwarf;
				ENABLE_STRICT_OBJC_MSGSEND = YES;
				ENABLE_TESTABILITY = YES;
				ENABLE_USER_SCRIPT_SANDBOXING = YES;
				GCC_C_LANGUAGE_STANDARD = gnu17;
				GCC_DYNAMIC_NO_PIC = NO;
				GCC_NO_COMMON_BLOCKS = YES;
				GCC_OPTIMIZATION_LEVEL = 0;
				GCC_PREPROCESSOR_DEFINITIONS = (
					"DEBUG=1",
					"$(inherited)",
				);
				GCC_WARN_64_TO_32_BIT_CONVERSION = YES;
				GCC_WARN_ABOUT_RETURN_TYPE = YES_ERROR;
				GCC_WARN_UNDECLARED_SELECTOR = YES;
				GCC_WARN_UNINITIALIZED_AUTOS = YES_AGGRESSIVE;
				GCC_WARN_UNUSED_FUNCTION = YES;
				GCC_WARN_UNUSED_VARIABLE = YES;
				IPHONEOS_DEPLOYMENT_TARGET = 17.0;
				LOCALIZATION_PREFERS_STRING_CATALOGS = YES;
				MTL_ENABLE_DEBUG_INFO = INCLUDE_SOURCE;
				MTL_FAST_MATH = YES;
				ONLY_ACTIVE_ARCH = YES;
				SDKROOT = iphoneos;
				SWIFT_ACTIVE_COMPILATION_CONDITIONS = "DEBUG $(inherited)";
				SWIFT_OPTIMIZATION_LEVEL = "-Onone";
			};
			name = Debug;
		};
		FA4E6D1E2B0E130E008A68A8 /* Release */ = {
			isa = XCBuildConfiguration;
			buildSettings = {
				ALWAYS_SEARCH_USER_PATHS = NO;
				ASSETCATALOG_COMPILER_GENERATE_SWIFT_ASSET_SYMBOL_EXTENSIONS = YES;
				CLANG_ANALYZER_NONNULL = YES;
				CLANG_ANALYZER_NUMBER_OBJECT_CONVERSION = YES_AGGRESSIVE;
				CLANG_CXX_LANGUAGE_STANDARD = "gnu++20";
				CLANG_ENABLE_MODULES = YES;
				CLANG_ENABLE_OBJC_ARC = YES;
				CLANG_ENABLE_OBJC_WEAK = YES;
				CLANG_WARN_BLOCK_CAPTURE_AUTORELEASING = YES;
				CLANG_WARN_BOOL_CONVERSION = YES;
				CLANG_WARN_COMMA = YES;
				CLANG_WARN_CONSTANT_CONVERSION = YES;
				CLANG_WARN_DEPRECATED_OBJC_IMPLEMENTATIONS = YES;
				CLANG_WARN_DIRECT_OBJC_ISA_USAGE = YES_ERROR;
				CLANG_WARN_DOCUMENTATION_COMMENTS = YES;
				CLANG_WARN_EMPTY_BODY = YES;
				CLANG_WARN_ENUM_CONVERSION = YES;
				CLANG_WARN_INFINITE_RECURSION = YES;
				CLANG_WARN_INT_CONVERSION = YES;
				CLANG_WARN_NON_LITERAL_NULL_CONVERSION = YES;
				CLANG_WARN_OBJC_IMPLICIT_RETAIN_SELF = YES;
				CLANG_WARN_OBJC_LITERAL_CONVERSION = YES;
				CLANG_WARN_OBJC_ROOT_CLASS = YES_ERROR;
				CLANG_WARN_QUOTED_INCLUDE_IN_FRAMEWORK_HEADER = YES;
				CLANG_WARN_RANGE_LOOP_ANALYSIS = YES;
				CLANG_WARN_STRICT_PROTOTYPES = YES;
				CLANG_WARN_SUSPICIOUS_MOVE = YES;
				CLANG_WARN_UNGUARDED_AVAILABILITY = YES_AGGRESSIVE;
				CLANG_WARN_UNREACHABLE_CODE = YES;
				CLANG_WARN__DUPLICATE_METHOD_MATCH = YES;
				COPY_PHASE_STRIP = NO;
				DEBUG_INFORMATION_FORMAT = "dwarf-with-dsym";
				ENABLE_NS_ASSERTIONS = NO;
				ENABLE_STRICT_OBJC_MSGSEND = YES;
				ENABLE_USER_SCRIPT_SANDBOXING = YES;
				GCC_C_LANGUAGE_STANDARD = gnu17;
				GCC_NO_COMMON_BLOCKS = YES;
				GCC_WARN_64_TO_32_BIT_CONVERSION = YES;
				GCC_WARN_ABOUT_RETURN_TYPE = YES_ERROR;
				GCC_WARN_UNDECLARED_SELECTOR = YES;
				GCC_WARN_UNINITIALIZED_AUTOS = YES_AGGRESSIVE;
				GCC_WARN_UNUSED_FUNCTION = YES;
				GCC_WARN_UNUSED_VARIABLE = YES;
				IPHONEOS_DEPLOYMENT_TARGET = 17.0;
				LOCALIZATION_PREFERS_STRING_CATALOGS = YES;
				MTL_ENABLE_DEBUG_INFO = NO;
				MTL_FAST_MATH = YES;
				SDKROOT = iphoneos;
				SWIFT_COMPILATION_MODE = wholemodule;
				VALIDATE_PRODUCT = YES;
			};
			name = Release;
		};
		FA4E6D202B0E130E008A68A8 /* Debug */ = {
			isa = XCBuildConfiguration;
			buildSettings = {
				ASSETCATALOG_COMPILER_APPICON_NAME = AppIcon;
				ASSETCATALOG_COMPILER_GLOBAL_ACCENT_COLOR_NAME = AccentColor;
				CODE_SIGN_STYLE = Automatic;
				CURRENT_PROJECT_VERSION = 1;
				DEVELOPMENT_ASSET_PATHS = "\"forum-app/Preview Content\"";
				ENABLE_PREVIEWS = YES;
				GENERATE_INFOPLIST_FILE = YES;
				INFOPLIST_KEY_UIApplicationSceneManifest_Generation = YES;
				INFOPLIST_KEY_UIApplicationSupportsIndirectInputEvents = YES;
				INFOPLIST_KEY_UILaunchScreen_Generation = YES;
				INFOPLIST_KEY_UISupportedInterfaceOrientations_iPad = "UIInterfaceOrientationPortrait UIInterfaceOrientationPortraitUpsideDown UIInterfaceOrientationLandscapeLeft UIInterfaceOrientationLandscapeRight";
				INFOPLIST_KEY_UISupportedInterfaceOrientations_iPhone = "UIInterfaceOrientationPortrait UIInterfaceOrientationLandscapeLeft UIInterfaceOrientationLandscapeRight";
				LD_RUNPATH_SEARCH_PATHS = (
					"$(inherited)",
					"@executable_path/Frameworks",
				);
				MARKETING_VERSION = 1.0;
				PRODUCT_BUNDLE_IDENTIFIER = "esprit.com.forum-app";
				PRODUCT_NAME = "$(TARGET_NAME)";
				SWIFT_EMIT_LOC_STRINGS = YES;
				SWIFT_VERSION = 5.0;
				TARGETED_DEVICE_FAMILY = "1,2";
			};
			name = Debug;
		};
		FA4E6D212B0E130E008A68A8 /* Release */ = {
			isa = XCBuildConfiguration;
			buildSettings = {
				ASSETCATALOG_COMPILER_APPICON_NAME = AppIcon;
				ASSETCATALOG_COMPILER_GLOBAL_ACCENT_COLOR_NAME = AccentColor;
				CODE_SIGN_STYLE = Automatic;
				CURRENT_PROJECT_VERSION = 1;
				DEVELOPMENT_ASSET_PATHS = "\"forum-app/Preview Content\"";
				ENABLE_PREVIEWS = YES;
				GENERATE_INFOPLIST_FILE = YES;
				INFOPLIST_KEY_UIApplicationSceneManifest_Generation = YES;
				INFOPLIST_KEY_UIApplicationSupportsIndirectInputEvents = YES;
				INFOPLIST_KEY_UILaunchScreen_Generation = YES;
				INFOPLIST_KEY_UISupportedInterfaceOrientations_iPad = "UIInterfaceOrientationPortrait UIInterfaceOrientationPortraitUpsideDown UIInterfaceOrientationLandscapeLeft UIInterfaceOrientationLandscapeRight";
				INFOPLIST_KEY_UISupportedInterfaceOrientations_iPhone = "UIInterfaceOrientationPortrait UIInterfaceOrientationLandscapeLeft UIInterfaceOrientationLandscapeRight";
				LD_RUNPATH_SEARCH_PATHS = (
					"$(inherited)",
					"@executable_path/Frameworks",
				);
				MARKETING_VERSION = 1.0;
				PRODUCT_BUNDLE_IDENTIFIER = "esprit.com.forum-app";
				PRODUCT_NAME = "$(TARGET_NAME)";
				SWIFT_EMIT_LOC_STRINGS = YES;
				SWIFT_VERSION = 5.0;
				TARGETED_DEVICE_FAMILY = "1,2";
			};
			name = Release;
		};
/* End XCBuildConfiguration section */

/* Begin XCConfigurationList section */
		FA4E6D0C2B0E130C008A68A8 /* Build configuration list for PBXProject "forum-app" */ = {
			isa = XCConfigurationList;
			buildConfigurations = (
				FA4E6D1D2B0E130E008A68A8 /* Debug */,
				FA4E6D1E2B0E130E008A68A8 /* Release */,
			);
			defaultConfigurationIsVisible = 0;
			defaultConfigurationName = Release;
		};
		FA4E6D1F2B0E130E008A68A8 /* Build configuration list for PBXNativeTarget "forum-app" */ = {
			isa = XCConfigurationList;
			buildConfigurations = (
				FA4E6D202B0E130E008A68A8 /* Debug */,
				FA4E6D212B0E130E008A68A8 /* Release */,
			);
			defaultConfigurationIsVisible = 0;
			defaultConfigurationName = Release;
		};
/* End XCConfigurationList section */
	};
	rootObject = FA4E6D092B0E130C008A68A8 /* Project object */;
}
